
Microsoft Visual Studio Solution File, Format Version 12.00
# Visual Studio Version 17
VisualStudioVersion = 17.3.32922.545
MinimumVisualStudioVersion = 10.0.40219.1
Project("{9A19103F-16F7-4668-BE54-9A1E7A4F7556}") = "TownOfHost", "TownOfHost.csproj", "{A50FDD9B-A57B-4287-9728-0BF49214AE48}"
EndProject
Global
	GlobalSection(SolutionConfigurationPlatforms) = preSolution
		Debug|Any CPU = Debug|Any CPU
		Release|Any CPU = Release|Any CPU
	EndGlobalSection
	GlobalSection(ProjectConfigurationPlatforms) = postSolution
		{A50FDD9B-A57B-4287-9728-0BF49214AE48}.Debug|Any CPU.ActiveCfg = Debug|Any CPU
		{A50FDD9B-A57B-4287-9728-0BF49214AE48}.Debug|Any CPU.Build.0 = Debug|Any CPU
		{A50FDD9B-A57B-4287-9728-0BF49214AE48}.Release|Any CPU.ActiveCfg = Release|Any CPU
		{A50FDD9B-A57B-4287-9728-0BF49214AE48}.Release|Any CPU.Build.0 = Release|Any CPU
	EndGlobalSection
	GlobalSection(SolutionProperties) = preSolution
		HideSolutionNode = FALSE
	EndGlobalSection
	GlobalSection(ExtensibilityGlobals) = postSolution
		SolutionGuid = {382DB361-0DA3-456E-A026-8B653DC298F0}
	EndGlobalSection
EndGlobal
